// !$*UTF8*$!
{
	archiveVersion = 1;
	classes = {
	};
	objectVersion = 56;
	objects = {

/* Begin PBXBuildFile section */
		6D7BD0F72ADC18DF00AF23CB /* GalleryModuleVideoApp.swift in Sources */ = {isa = PBXBuildFile; fileRef = 6D7BD0F62ADC18DF00AF23CB /* GalleryModuleVideoApp.swift */; };
		6D7BD0F92ADC18DF00AF23CB /* ContentView.swift in Sources */ = {isa = PBXBuildFile; fileRef = 6D7BD0F82ADC18DF00AF23CB /* ContentView.swift */; };
		6D7BD0FB2ADC18E000AF23CB /* Assets.xcassets in Resources */ = {isa = PBXBuildFile; fileRef = 6D7BD0FA2ADC18E000AF23CB /* Assets.xcassets */; };
		6D7BD0FE2ADC18E000AF23CB /* Preview Assets.xcassets in Resources */ = {isa = PBXBuildFile; fileRef = 6D7BD0FD2ADC18E000AF23CB /* Preview Assets.xcassets */; };
		6D7BD1052ADD622500AF23CB /* PhotoLibraryService.swift in Sources */ = {isa = PBXBuildFile; fileRef = 6D7BD1042ADD622500AF23CB /* PhotoLibraryService.swift */; };
		6D7BD10E2AE0FF3800AF23CB /* Predicate.swift in Sources */ = {isa = PBXBuildFile; fileRef = 6D7BD10D2AE0FF3800AF23CB /* Predicate.swift */; };
		6D7BD1132AE132C900AF23CB /* LocalVideoRequest.swift in Sources */ = {isa = PBXBuildFile; fileRef = 6D7BD1122AE132C900AF23CB /* LocalVideoRequest.swift */; };
		6D7BD1152AE1399200AF23CB /* LocalVideoProvider.swift in Sources */ = {isa = PBXBuildFile; fileRef = 6D7BD1142AE1399200AF23CB /* LocalVideoProvider.swift */; };
		6D7BD1172AE13CE700AF23CB /* Sort.swift in Sources */ = {isa = PBXBuildFile; fileRef = 6D7BD1162AE13CE700AF23CB /* Sort.swift */; };
		6D7BD1192AE13DAB00AF23CB /* LocalVideoMedia.swift in Sources */ = {isa = PBXBuildFile; fileRef = 6D7BD1182AE13DAB00AF23CB /* LocalVideoMedia.swift */; };
		6D7BD11C2AE1407500AF23CB /* DataModel.swift in Sources */ = {isa = PBXBuildFile; fileRef = 6D7BD11B2AE1407500AF23CB /* DataModel.swift */; };
		6DF8AD702AE64C5000A91E93 /* MediaProvider.swift in Sources */ = {isa = PBXBuildFile; fileRef = 6DF8AD6F2AE64C5000A91E93 /* MediaProvider.swift */; };
		6DF8AD722AE64C5F00A91E93 /* MediaSupplier.swift in Sources */ = {isa = PBXBuildFile; fileRef = 6DF8AD712AE64C5F00A91E93 /* MediaSupplier.swift */; };
		6DF8AD742AE64C6C00A91E93 /* MediaCollector.swift in Sources */ = {isa = PBXBuildFile; fileRef = 6DF8AD732AE64C6C00A91E93 /* MediaCollector.swift */; };
		6DF8AD762AE64C7900A91E93 /* Media.swift in Sources */ = {isa = PBXBuildFile; fileRef = 6DF8AD752AE64C7900A91E93 /* Media.swift */; };
		6DF8AD782AE64C9B00A91E93 /* MediaResult.swift in Sources */ = {isa = PBXBuildFile; fileRef = 6DF8AD772AE64C9B00A91E93 /* MediaResult.swift */; };
		6DF8AD7A2AE66B1E00A91E93 /* LocalVideoGroupRequest.swift in Sources */ = {isa = PBXBuildFile; fileRef = 6DF8AD792AE66B1E00A91E93 /* LocalVideoGroupRequest.swift */; };
		6DF8AD7C2AE66D9C00A91E93 /* Video.swift in Sources */ = {isa = PBXBuildFile; fileRef = 6DF8AD7B2AE66D9C00A91E93 /* Video.swift */; };
		6DF8AD7E2AE66E3100A91E93 /* LocalVideoGroupMedia.swift in Sources */ = {isa = PBXBuildFile; fileRef = 6DF8AD7D2AE66E3100A91E93 /* LocalVideoGroupMedia.swift */; };
		6DF8AD802AE6707300A91E93 /* LocalVideoCollector.swift in Sources */ = {isa = PBXBuildFile; fileRef = 6DF8AD7F2AE6707300A91E93 /* LocalVideoCollector.swift */; };
		6DF8AD822AE6747800A91E93 /* LocalVideoGroupCollector.swift in Sources */ = {isa = PBXBuildFile; fileRef = 6DF8AD812AE6747800A91E93 /* LocalVideoGroupCollector.swift */; };
		6DF8AD842AE6765500A91E93 /* MediaGroupCollector.swift in Sources */ = {isa = PBXBuildFile; fileRef = 6DF8AD832AE6765500A91E93 /* MediaGroupCollector.swift */; };
		6DF8AD862AE676B800A91E93 /* MediaGroupSupplier.swift in Sources */ = {isa = PBXBuildFile; fileRef = 6DF8AD852AE676B800A91E93 /* MediaGroupSupplier.swift */; };
/* End PBXBuildFile section */

/* Begin PBXFileReference section */
		6D7BD0F32ADC18DF00AF23CB /* GalleryModuleVideo.app */ = {isa = PBXFileReference; explicitFileType = wrapper.application; includeInIndex = 0; path = GalleryModuleVideo.app; sourceTree = BUILT_PRODUCTS_DIR; };
		6D7BD0F62ADC18DF00AF23CB /* GalleryModuleVideoApp.swift */ = {isa = PBXFileReference; lastKnownFileType = sourcecode.swift; path = GalleryModuleVideoApp.swift; sourceTree = "<group>"; };
		6D7BD0F82ADC18DF00AF23CB /* ContentView.swift */ = {isa = PBXFileReference; lastKnownFileType = sourcecode.swift; path = ContentView.swift; sourceTree = "<group>"; };
		6D7BD0FA2ADC18E000AF23CB /* Assets.xcassets */ = {isa = PBXFileReference; lastKnownFileType = folder.assetcatalog; path = Assets.xcassets; sourceTree = "<group>"; };
		6D7BD0FD2ADC18E000AF23CB /* Preview Assets.xcassets */ = {isa = PBXFileReference; lastKnownFileType = folder.assetcatalog; path = "Preview Assets.xcassets"; sourceTree = "<group>"; };
		6D7BD1042ADD622500AF23CB /* PhotoLibraryService.swift */ = {isa = PBXFileReference; lastKnownFileType = sourcecode.swift; path = PhotoLibraryService.swift; sourceTree = "<group>"; };
		6D7BD10D2AE0FF3800AF23CB /* Predicate.swift */ = {isa = PBXFileReference; lastKnownFileType = sourcecode.swift; path = Predicate.swift; sourceTree = "<group>"; };
		6D7BD1122AE132C900AF23CB /* LocalVideoRequest.swift */ = {isa = PBXFileReference; lastKnownFileType = sourcecode.swift; path = LocalVideoRequest.swift; sourceTree = "<group>"; };
		6D7BD1142AE1399200AF23CB /* LocalVideoProvider.swift */ = {isa = PBXFileReference; lastKnownFileType = sourcecode.swift; path = LocalVideoProvider.swift; sourceTree = "<group>"; };
		6D7BD1162AE13CE700AF23CB /* Sort.swift */ = {isa = PBXFileReference; lastKnownFileType = sourcecode.swift; path = Sort.swift; sourceTree = "<group>"; };
		6D7BD1182AE13DAB00AF23CB /* LocalVideoMedia.swift */ = {isa = PBXFileReference; lastKnownFileType = sourcecode.swift; path = LocalVideoMedia.swift; sourceTree = "<group>"; };
		6D7BD11B2AE1407500AF23CB /* DataModel.swift */ = {isa = PBXFileReference; lastKnownFileType = sourcecode.swift; path = DataModel.swift; sourceTree = "<group>"; };
		6DF8AD6F2AE64C5000A91E93 /* MediaProvider.swift */ = {isa = PBXFileReference; lastKnownFileType = sourcecode.swift; path = MediaProvider.swift; sourceTree = "<group>"; };
		6DF8AD712AE64C5F00A91E93 /* MediaSupplier.swift */ = {isa = PBXFileReference; lastKnownFileType = sourcecode.swift; path = MediaSupplier.swift; sourceTree = "<group>"; };
		6DF8AD732AE64C6C00A91E93 /* MediaCollector.swift */ = {isa = PBXFileReference; lastKnownFileType = sourcecode.swift; path = MediaCollector.swift; sourceTree = "<group>"; };
		6DF8AD752AE64C7900A91E93 /* Media.swift */ = {isa = PBXFileReference; lastKnownFileType = sourcecode.swift; path = Media.swift; sourceTree = "<group>"; };
		6DF8AD772AE64C9B00A91E93 /* MediaResult.swift */ = {isa = PBXFileReference; lastKnownFileType = sourcecode.swift; path = MediaResult.swift; sourceTree = "<group>"; };
		6DF8AD792AE66B1E00A91E93 /* LocalVideoGroupRequest.swift */ = {isa = PBXFileReference; lastKnownFileType = sourcecode.swift; path = LocalVideoGroupRequest.swift; sourceTree = "<group>"; };
		6DF8AD7B2AE66D9C00A91E93 /* Video.swift */ = {isa = PBXFileReference; lastKnownFileType = sourcecode.swift; path = Video.swift; sourceTree = "<group>"; };
		6DF8AD7D2AE66E3100A91E93 /* LocalVideoGroupMedia.swift */ = {isa = PBXFileReference; lastKnownFileType = sourcecode.swift; path = LocalVideoGroupMedia.swift; sourceTree = "<group>"; };
		6DF8AD7F2AE6707300A91E93 /* LocalVideoCollector.swift */ = {isa = PBXFileReference; lastKnownFileType = sourcecode.swift; path = LocalVideoCollector.swift; sourceTree = "<group>"; };
		6DF8AD812AE6747800A91E93 /* LocalVideoGroupCollector.swift */ = {isa = PBXFileReference; lastKnownFileType = sourcecode.swift; path = LocalVideoGroupCollector.swift; sourceTree = "<group>"; };
		6DF8AD832AE6765500A91E93 /* MediaGroupCollector.swift */ = {isa = PBXFileReference; lastKnownFileType = sourcecode.swift; path = MediaGroupCollector.swift; sourceTree = "<group>"; };
		6DF8AD852AE676B800A91E93 /* MediaGroupSupplier.swift */ = {isa = PBXFileReference; lastKnownFileType = sourcecode.swift; path = MediaGroupSupplier.swift; sourceTree = "<group>"; };
/* End PBXFileReference section */

/* Begin PBXFrameworksBuildPhase section */
		6D7BD0F02ADC18DF00AF23CB /* Frameworks */ = {
			isa = PBXFrameworksBuildPhase;
			buildActionMask = 2147483647;
			files = (
			);
			runOnlyForDeploymentPostprocessing = 0;
		};
/* End PBXFrameworksBuildPhase section */

/* Begin PBXGroup section */
		6D7BD0EA2ADC18DF00AF23CB = {
			isa = PBXGroup;
			children = (
				6D7BD0F52ADC18DF00AF23CB /* GalleryModuleVideo */,
				6D7BD0F42ADC18DF00AF23CB /* Products */,
			);
			sourceTree = "<group>";
		};
		6D7BD0F42ADC18DF00AF23CB /* Products */ = {
			isa = PBXGroup;
			children = (
				6D7BD0F32ADC18DF00AF23CB /* GalleryModuleVideo.app */,
			);
			name = Products;
			sourceTree = "<group>";
		};
		6D7BD0F52ADC18DF00AF23CB /* GalleryModuleVideo */ = {
			isa = PBXGroup;
			children = (
				6DF8AD6E2AE64C2A00A91E93 /* BaseClasses */,
				6D7BD11A2AE1405F00AF23CB /* DataModel */,
				6D7BD1112AE1329500AF23CB /* LocalVideoData */,
				6D7BD0F62ADC18DF00AF23CB /* GalleryModuleVideoApp.swift */,
				6D7BD1042ADD622500AF23CB /* PhotoLibraryService.swift */,
				6D7BD0F82ADC18DF00AF23CB /* ContentView.swift */,
				6D7BD0FA2ADC18E000AF23CB /* Assets.xcassets */,
				6D7BD0FC2ADC18E000AF23CB /* Preview Content */,
			);
			path = GalleryModuleVideo;
			sourceTree = "<group>";
		};
		6D7BD0FC2ADC18E000AF23CB /* Preview Content */ = {
			isa = PBXGroup;
			children = (
				6D7BD0FD2ADC18E000AF23CB /* Preview Assets.xcassets */,
			);
			path = "Preview Content";
			sourceTree = "<group>";
		};
		6D7BD1112AE1329500AF23CB /* LocalVideoData */ = {
			isa = PBXGroup;
			children = (
				6DF8AD6D2AE55EF600A91E93 /* Provider */,
				6DF8AD6C2AE55EE200A91E93 /* Collector */,
				6DF8AD6B2AE55ED400A91E93 /* model */,
				6DF8AD6A2AE55DFF00A91E93 /* request | filter options */,
				6DF8AD692AE556B800A91E93 /* utils */,
			);
			path = LocalVideoData;
			sourceTree = "<group>";
		};
		6D7BD11A2AE1405F00AF23CB /* DataModel */ = {
			isa = PBXGroup;
			children = (
				6D7BD11B2AE1407500AF23CB /* DataModel.swift */,
			);
			path = DataModel;
			sourceTree = "<group>";
		};
		6DF8AD692AE556B800A91E93 /* utils */ = {
			isa = PBXGroup;
			children = (
				6D7BD1162AE13CE700AF23CB /* Sort.swift */,
				6D7BD10D2AE0FF3800AF23CB /* Predicate.swift */,
			);
			path = utils;
			sourceTree = "<group>";
		};
		6DF8AD6A2AE55DFF00A91E93 /* request | filter options */ = {
			isa = PBXGroup;
			children = (
				6D7BD1122AE132C900AF23CB /* LocalVideoRequest.swift */,
				6DF8AD792AE66B1E00A91E93 /* LocalVideoGroupRequest.swift */,
			);
			path = "request | filter options";
			sourceTree = "<group>";
		};
		6DF8AD6B2AE55ED400A91E93 /* model */ = {
			isa = PBXGroup;
			children = (
				6D7BD1182AE13DAB00AF23CB /* LocalVideoMedia.swift */,
				6DF8AD7D2AE66E3100A91E93 /* LocalVideoGroupMedia.swift */,
			);
			path = model;
			sourceTree = "<group>";
		};
		6DF8AD6C2AE55EE200A91E93 /* Collector */ = {
			isa = PBXGroup;
			children = (
				6DF8AD7F2AE6707300A91E93 /* LocalVideoCollector.swift */,
				6DF8AD812AE6747800A91E93 /* LocalVideoGroupCollector.swift */,
			);
			path = Collector;
			sourceTree = "<group>";
		};
		6DF8AD6D2AE55EF600A91E93 /* Provider */ = {
			isa = PBXGroup;
			children = (
				6D7BD1142AE1399200AF23CB /* LocalVideoProvider.swift */,
			);
			path = Provider;
			sourceTree = "<group>";
		};
		6DF8AD6E2AE64C2A00A91E93 /* BaseClasses */ = {
			isa = PBXGroup;
			children = (
				6DF8AD6F2AE64C5000A91E93 /* MediaProvider.swift */,
				6DF8AD712AE64C5F00A91E93 /* MediaSupplier.swift */,
				6DF8AD732AE64C6C00A91E93 /* MediaCollector.swift */,
				6DF8AD752AE64C7900A91E93 /* Media.swift */,
				6DF8AD772AE64C9B00A91E93 /* MediaResult.swift */,
				6DF8AD7B2AE66D9C00A91E93 /* Video.swift */,
				6DF8AD832AE6765500A91E93 /* MediaGroupCollector.swift */,
				6DF8AD852AE676B800A91E93 /* MediaGroupSupplier.swift */,
			);
			path = BaseClasses;
			sourceTree = "<group>";
		};
/* End PBXGroup section */

/* Begin PBXNativeTarget section */
		6D7BD0F22ADC18DF00AF23CB /* GalleryModuleVideo */ = {
			isa = PBXNativeTarget;
			buildConfigurationList = 6D7BD1012ADC18E000AF23CB /* Build configuration list for PBXNativeTarget "GalleryModuleVideo" */;
			buildPhases = (
				6D7BD0EF2ADC18DF00AF23CB /* Sources */,
				6D7BD0F02ADC18DF00AF23CB /* Frameworks */,
				6D7BD0F12ADC18DF00AF23CB /* Resources */,
			);
			buildRules = (
			);
			dependencies = (
			);
			name = GalleryModuleVideo;
			productName = GalleryModuleVideo;
			productReference = 6D7BD0F32ADC18DF00AF23CB /* GalleryModuleVideo.app */;
			productType = "com.apple.product-type.application";
		};
/* End PBXNativeTarget section */

/* Begin PBXProject section */
		6D7BD0EB2ADC18DF00AF23CB /* Project object */ = {
			isa = PBXProject;
			attributes = {
				BuildIndependentTargetsInParallel = 1;
				LastSwiftUpdateCheck = 1500;
				LastUpgradeCheck = 1500;
				TargetAttributes = {
					6D7BD0F22ADC18DF00AF23CB = {
						CreatedOnToolsVersion = 15.0;
					};
				};
			};
			buildConfigurationList = 6D7BD0EE2ADC18DF00AF23CB /* Build configuration list for PBXProject "GalleryModuleVideo" */;
			compatibilityVersion = "Xcode 14.0";
			developmentRegion = en;
			hasScannedForEncodings = 0;
			knownRegions = (
				en,
				Base,
			);
			mainGroup = 6D7BD0EA2ADC18DF00AF23CB;
			productRefGroup = 6D7BD0F42ADC18DF00AF23CB /* Products */;
			projectDirPath = "";
			projectRoot = "";
			targets = (
				6D7BD0F22ADC18DF00AF23CB /* GalleryModuleVideo */,
			);
		};
/* End PBXProject section */

/* Begin PBXResourcesBuildPhase section */
		6D7BD0F12ADC18DF00AF23CB /* Resources */ = {
			isa = PBXResourcesBuildPhase;
			buildActionMask = 2147483647;
			files = (
				6D7BD0FE2ADC18E000AF23CB /* Preview Assets.xcassets in Resources */,
				6D7BD0FB2ADC18E000AF23CB /* Assets.xcassets in Resources */,
			);
			runOnlyForDeploymentPostprocessing = 0;
		};
/* End PBXResourcesBuildPhase section */

/* Begin PBXSourcesBuildPhase section */
		6D7BD0EF2ADC18DF00AF23CB /* Sources */ = {
			isa = PBXSourcesBuildPhase;
			buildActionMask = 2147483647;
			files = (
				6D7BD1132AE132C900AF23CB /* LocalVideoRequest.swift in Sources */,
				6DF8AD802AE6707300A91E93 /* LocalVideoCollector.swift in Sources */,
				6D7BD1052ADD622500AF23CB /* PhotoLibraryService.swift in Sources */,
				6DF8AD722AE64C5F00A91E93 /* MediaSupplier.swift in Sources */,
				6D7BD10E2AE0FF3800AF23CB /* Predicate.swift in Sources */,
				6DF8AD7E2AE66E3100A91E93 /* LocalVideoGroupMedia.swift in Sources */,
				6DF8AD7A2AE66B1E00A91E93 /* LocalVideoGroupRequest.swift in Sources */,
				6DF8AD742AE64C6C00A91E93 /* MediaCollector.swift in Sources */,
				6DF8AD842AE6765500A91E93 /* MediaGroupCollector.swift in Sources */,
				6D7BD0F92ADC18DF00AF23CB /* ContentView.swift in Sources */,
				6D7BD11C2AE1407500AF23CB /* DataModel.swift in Sources */,
				6DF8AD702AE64C5000A91E93 /* MediaProvider.swift in Sources */,
				6D7BD1192AE13DAB00AF23CB /* LocalVideoMedia.swift in Sources */,
				6D7BD0F72ADC18DF00AF23CB /* GalleryModuleVideoApp.swift in Sources */,
				6D7BD1172AE13CE700AF23CB /* Sort.swift in Sources */,
				6DF8AD782AE64C9B00A91E93 /* MediaResult.swift in Sources */,
				6DF8AD862AE676B800A91E93 /* MediaGroupSupplier.swift in Sources */,
				6DF8AD7C2AE66D9C00A91E93 /* Video.swift in Sources */,
				6DF8AD822AE6747800A91E93 /* LocalVideoGroupCollector.swift in Sources */,
				6D7BD1152AE1399200AF23CB /* LocalVideoProvider.swift in Sources */,
				6DF8AD762AE64C7900A91E93 /* Media.swift in Sources */,
			);
			runOnlyForDeploymentPostprocessing = 0;
		};
/* End PBXSourcesBuildPhase section */

/* Begin XCBuildConfiguration section */
		6D7BD0FF2ADC18E000AF23CB /* Debug */ = {
			isa = XCBuildConfiguration;
			buildSettings = {
				ALWAYS_SEARCH_USER_PATHS = NO;
				ASSETCATALOG_COMPILER_GENERATE_SWIFT_ASSET_SYMBOL_EXTENSIONS = YES;
				CLANG_ANALYZER_NONNULL = YES;
				CLANG_ANALYZER_NUMBER_OBJECT_CONVERSION = YES_AGGRESSIVE;
				CLANG_CXX_LANGUAGE_STANDARD = "gnu++20";
				CLANG_ENABLE_MODULES = YES;
				CLANG_ENABLE_OBJC_ARC = YES;
				CLANG_ENABLE_OBJC_WEAK = YES;
				CLANG_WARN_BLOCK_CAPTURE_AUTORELEASING = YES;
				CLANG_WARN_BOOL_CONVERSION = YES;
				CLANG_WARN_COMMA = YES;
				CLANG_WARN_CONSTANT_CONVERSION = YES;
				CLANG_WARN_DEPRECATED_OBJC_IMPLEMENTATIONS = YES;
				CLANG_WARN_DIRECT_OBJC_ISA_USAGE = YES_ERROR;
				CLANG_WARN_DOCUMENTATION_COMMENTS = YES;
				CLANG_WARN_EMPTY_BODY = YES;
				CLANG_WARN_ENUM_CONVERSION = YES;
				CLANG_WARN_INFINITE_RECURSION = YES;
				CLANG_WARN_INT_CONVERSION = YES;
				CLANG_WARN_NON_LITERAL_NULL_CONVERSION = YES;
				CLANG_WARN_OBJC_IMPLICIT_RETAIN_SELF = YES;
				CLANG_WARN_OBJC_LITERAL_CONVERSION = YES;
				CLANG_WARN_OBJC_ROOT_CLASS = YES_ERROR;
				CLANG_WARN_QUOTED_INCLUDE_IN_FRAMEWORK_HEADER = YES;
				CLANG_WARN_RANGE_LOOP_ANALYSIS = YES;
				CLANG_WARN_STRICT_PROTOTYPES = YES;
				CLANG_WARN_SUSPICIOUS_MOVE = YES;
				CLANG_WARN_UNGUARDED_AVAILABILITY = YES_AGGRESSIVE;
				CLANG_WARN_UNREACHABLE_CODE = YES;
				CLANG_WARN__DUPLICATE_METHOD_MATCH = YES;
				COPY_PHASE_STRIP = NO;
				DEBUG_INFORMATION_FORMAT = dwarf;
				ENABLE_STRICT_OBJC_MSGSEND = YES;
				ENABLE_TESTABILITY = YES;
				ENABLE_USER_SCRIPT_SANDBOXING = YES;
				GCC_C_LANGUAGE_STANDARD = gnu17;
				GCC_DYNAMIC_NO_PIC = NO;
				GCC_NO_COMMON_BLOCKS = YES;
				GCC_OPTIMIZATION_LEVEL = 0;
				GCC_PREPROCESSOR_DEFINITIONS = (
					"DEBUG=1",
					"$(inherited)",
				);
				GCC_WARN_64_TO_32_BIT_CONVERSION = YES;
				GCC_WARN_ABOUT_RETURN_TYPE = YES_ERROR;
				GCC_WARN_UNDECLARED_SELECTOR = YES;
				GCC_WARN_UNINITIALIZED_AUTOS = YES_AGGRESSIVE;
				GCC_WARN_UNUSED_FUNCTION = YES;
				GCC_WARN_UNUSED_VARIABLE = YES;
				IPHONEOS_DEPLOYMENT_TARGET = 14.6;
				LOCALIZATION_PREFERS_STRING_CATALOGS = YES;
				MTL_ENABLE_DEBUG_INFO = INCLUDE_SOURCE;
				MTL_FAST_MATH = YES;
				ONLY_ACTIVE_ARCH = YES;
				SDKROOT = iphoneos;
				SWIFT_ACTIVE_COMPILATION_CONDITIONS = "DEBUG $(inherited)";
				SWIFT_OPTIMIZATION_LEVEL = "-Onone";
			};
			name = Debug;
		};
		6D7BD1002ADC18E000AF23CB /* Release */ = {
			isa = XCBuildConfiguration;
			buildSettings = {
				ALWAYS_SEARCH_USER_PATHS = NO;
				ASSETCATALOG_COMPILER_GENERATE_SWIFT_ASSET_SYMBOL_EXTENSIONS = YES;
				CLANG_ANALYZER_NONNULL = YES;
				CLANG_ANALYZER_NUMBER_OBJECT_CONVERSION = YES_AGGRESSIVE;
				CLANG_CXX_LANGUAGE_STANDARD = "gnu++20";
				CLANG_ENABLE_MODULES = YES;
				CLANG_ENABLE_OBJC_ARC = YES;
				CLANG_ENABLE_OBJC_WEAK = YES;
				CLANG_WARN_BLOCK_CAPTURE_AUTORELEASING = YES;
				CLANG_WARN_BOOL_CONVERSION = YES;
				CLANG_WARN_COMMA = YES;
				CLANG_WARN_CONSTANT_CONVERSION = YES;
				CLANG_WARN_DEPRECATED_OBJC_IMPLEMENTATIONS = YES;
				CLANG_WARN_DIRECT_OBJC_ISA_USAGE = YES_ERROR;
				CLANG_WARN_DOCUMENTATION_COMMENTS = YES;
				CLANG_WARN_EMPTY_BODY = YES;
				CLANG_WARN_ENUM_CONVERSION = YES;
				CLANG_WARN_INFINITE_RECURSION = YES;
				CLANG_WARN_INT_CONVERSION = YES;
				CLANG_WARN_NON_LITERAL_NULL_CONVERSION = YES;
				CLANG_WARN_OBJC_IMPLICIT_RETAIN_SELF = YES;
				CLANG_WARN_OBJC_LITERAL_CONVERSION = YES;
				CLANG_WARN_OBJC_ROOT_CLASS = YES_ERROR;
				CLANG_WARN_QUOTED_INCLUDE_IN_FRAMEWORK_HEADER = YES;
				CLANG_WARN_RANGE_LOOP_ANALYSIS = YES;
				CLANG_WARN_STRICT_PROTOTYPES = YES;
				CLANG_WARN_SUSPICIOUS_MOVE = YES;
				CLANG_WARN_UNGUARDED_AVAILABILITY = YES_AGGRESSIVE;
				CLANG_WARN_UNREACHABLE_CODE = YES;
				CLANG_WARN__DUPLICATE_METHOD_MATCH = YES;
				COPY_PHASE_STRIP = NO;
				DEBUG_INFORMATION_FORMAT = "dwarf-with-dsym";
				ENABLE_NS_ASSERTIONS = NO;
				ENABLE_STRICT_OBJC_MSGSEND = YES;
				ENABLE_USER_SCRIPT_SANDBOXING = YES;
				GCC_C_LANGUAGE_STANDARD = gnu17;
				GCC_NO_COMMON_BLOCKS = YES;
				GCC_WARN_64_TO_32_BIT_CONVERSION = YES;
				GCC_WARN_ABOUT_RETURN_TYPE = YES_ERROR;
				GCC_WARN_UNDECLARED_SELECTOR = YES;
				GCC_WARN_UNINITIALIZED_AUTOS = YES_AGGRESSIVE;
				GCC_WARN_UNUSED_FUNCTION = YES;
				GCC_WARN_UNUSED_VARIABLE = YES;
				IPHONEOS_DEPLOYMENT_TARGET = 14.6;
				LOCALIZATION_PREFERS_STRING_CATALOGS = YES;
				MTL_ENABLE_DEBUG_INFO = NO;
				MTL_FAST_MATH = YES;
				SDKROOT = iphoneos;
				SWIFT_COMPILATION_MODE = wholemodule;
				VALIDATE_PRODUCT = YES;
			};
			name = Release;
		};
		6D7BD1022ADC18E000AF23CB /* Debug */ = {
			isa = XCBuildConfiguration;
			buildSettings = {
				ASSETCATALOG_COMPILER_APPICON_NAME = AppIcon;
				ASSETCATALOG_COMPILER_GLOBAL_ACCENT_COLOR_NAME = AccentColor;
				CODE_SIGN_STYLE = Automatic;
				CURRENT_PROJECT_VERSION = 1;
				DEVELOPMENT_ASSET_PATHS = "\"GalleryModuleVideo/Preview Content\"";
				DEVELOPMENT_TEAM = GZNYCRZ9L2;
				ENABLE_PREVIEWS = YES;
				GENERATE_INFOPLIST_FILE = YES;
				INFOPLIST_KEY_NSPhotoLibraryUsageDescription = "App requires access to photo library";
				INFOPLIST_KEY_UIApplicationSceneManifest_Generation = YES;
				INFOPLIST_KEY_UIApplicationSupportsIndirectInputEvents = YES;
				INFOPLIST_KEY_UILaunchScreen_Generation = YES;
				INFOPLIST_KEY_UISupportedInterfaceOrientations_iPad = "UIInterfaceOrientationPortrait UIInterfaceOrientationPortraitUpsideDown UIInterfaceOrientationLandscapeLeft UIInterfaceOrientationLandscapeRight";
				INFOPLIST_KEY_UISupportedInterfaceOrientations_iPhone = "UIInterfaceOrientationPortrait UIInterfaceOrientationLandscapeLeft UIInterfaceOrientationLandscapeRight";
				IPHONEOS_DEPLOYMENT_TARGET = 14.6;
				LD_RUNPATH_SEARCH_PATHS = (
					"$(inherited)",
					"@executable_path/Frameworks",
				);
				MARKETING_VERSION = 1.0;
				PRODUCT_BUNDLE_IDENTIFIER = com.braincraft.GalleryModuleVideo.GalleryModuleVideo;
				PRODUCT_NAME = "$(TARGET_NAME)";
				SWIFT_EMIT_LOC_STRINGS = YES;
				SWIFT_VERSION = 5.0;
				TARGETED_DEVICE_FAMILY = "1,2";
			};
			name = Debug;
		};
		6D7BD1032ADC18E000AF23CB /* Release */ = {
			isa = XCBuildConfiguration;
			buildSettings = {
				ASSETCATALOG_COMPILER_APPICON_NAME = AppIcon;
				ASSETCATALOG_COMPILER_GLOBAL_ACCENT_COLOR_NAME = AccentColor;
				CODE_SIGN_STYLE = Automatic;
				CURRENT_PROJECT_VERSION = 1;
				DEVELOPMENT_ASSET_PATHS = "\"GalleryModuleVideo/Preview Content\"";
				DEVELOPMENT_TEAM = GZNYCRZ9L2;
				ENABLE_PREVIEWS = YES;
				GENERATE_INFOPLIST_FILE = YES;
				INFOPLIST_KEY_NSPhotoLibraryUsageDescription = "App requires access to photo library";
				INFOPLIST_KEY_UIApplicationSceneManifest_Generation = YES;
				INFOPLIST_KEY_UIApplicationSupportsIndirectInputEvents = YES;
				INFOPLIST_KEY_UILaunchScreen_Generation = YES;
				INFOPLIST_KEY_UISupportedInterfaceOrientations_iPad = "UIInterfaceOrientationPortrait UIInterfaceOrientationPortraitUpsideDown UIInterfaceOrientationLandscapeLeft UIInterfaceOrientationLandscapeRight";
				INFOPLIST_KEY_UISupportedInterfaceOrientations_iPhone = "UIInterfaceOrientationPortrait UIInterfaceOrientationLandscapeLeft UIInterfaceOrientationLandscapeRight";
				IPHONEOS_DEPLOYMENT_TARGET = 14.6;
				LD_RUNPATH_SEARCH_PATHS = (
					"$(inherited)",
					"@executable_path/Frameworks",
				);
				MARKETING_VERSION = 1.0;
				PRODUCT_BUNDLE_IDENTIFIER = com.braincraft.GalleryModuleVideo.GalleryModuleVideo;
				PRODUCT_NAME = "$(TARGET_NAME)";
				SWIFT_EMIT_LOC_STRINGS = YES;
				SWIFT_VERSION = 5.0;
				TARGETED_DEVICE_FAMILY = "1,2";
			};
			name = Release;
		};
/* End XCBuildConfiguration section */

/* Begin XCConfigurationList section */
		6D7BD0EE2ADC18DF00AF23CB /* Build configuration list for PBXProject "GalleryModuleVideo" */ = {
			isa = XCConfigurationList;
			buildConfigurations = (
				6D7BD0FF2ADC18E000AF23CB /* Debug */,
				6D7BD1002ADC18E000AF23CB /* Release */,
			);
			defaultConfigurationIsVisible = 0;
			defaultConfigurationName = Release;
		};
		6D7BD1012ADC18E000AF23CB /* Build configuration list for PBXNativeTarget "GalleryModuleVideo" */ = {
			isa = XCConfigurationList;
			buildConfigurations = (
				6D7BD1022ADC18E000AF23CB /* Debug */,
				6D7BD1032ADC18E000AF23CB /* Release */,
			);
			defaultConfigurationIsVisible = 0;
			defaultConfigurationName = Release;
		};
/* End XCConfigurationList section */
	};
	rootObject = 6D7BD0EB2ADC18DF00AF23CB /* Project object */;
}
